
Microsoft Visual Studio Solution File, Format Version 12.00
# Visual Studio 15
VisualStudioVersion = 15.0.28307.572
MinimumVisualStudioVersion = 10.0.40219.1
Project("{FAE04EC0-301F-11D3-BF4B-00C04F79EFBC}") = "Project_Apteka_React", "Project_Apteka_React\Project_Apteka_React.csproj", "{E344830A-4D48-4000-AA26-C77B951982A2}"
EndProject
Global
	GlobalSection(SolutionConfigurationPlatforms) = preSolution
		Debug|Any CPU = Debug|Any CPU
		Release|Any CPU = Release|Any CPU
	EndGlobalSection
	GlobalSection(ProjectConfigurationPlatforms) = postSolution
		{E344830A-4D48-4000-AA26-C77B951982A2}.Debug|Any CPU.ActiveCfg = Debug|Any CPU
		{E344830A-4D48-4000-AA26-C77B951982A2}.Debug|Any CPU.Build.0 = Debug|Any CPU
		{E344830A-4D48-4000-AA26-C77B951982A2}.Release|Any CPU.ActiveCfg = Release|Any CPU
		{E344830A-4D48-4000-AA26-C77B951982A2}.Release|Any CPU.Build.0 = Release|Any CPU
	EndGlobalSection
	GlobalSection(SolutionProperties) = preSolution
		HideSolutionNode = FALSE
	EndGlobalSection
	GlobalSection(ExtensibilityGlobals) = postSolution
		SolutionGuid = {28F0372C-58B6-4A12-AC84-17614B4EE4FE}
	EndGlobalSection
EndGlobal
